
Microsoft Visual Studio Solution File, Format Version 12.00
# Visual Studio Version 17
VisualStudioVersion = 17.2.32616.157
MinimumVisualStudioVersion = 10.0.40219.1
Project("{FAE04EC0-301F-11D3-BF4B-00C04F79EFBC}") = "Calculator", "Calculator\Calculator.csproj", "{9E9C3453-0167-4269-9B76-CE98756B2BA6}"
EndProject
Global
	GlobalSection(SolutionConfigurationPlatforms) = preSolution
		Debug|Any CPU = Debug|Any CPU
		Release|Any CPU = Release|Any CPU
	EndGlobalSection
	GlobalSection(ProjectConfigurationPlatforms) = postSolution
		{9E9C3453-0167-4269-9B76-CE98756B2BA6}.Debug|Any CPU.ActiveCfg = Debug|Any CPU
		{9E9C3453-0167-4269-9B76-CE98756B2BA6}.Debug|Any CPU.Build.0 = Debug|Any CPU
		{9E9C3453-0167-4269-9B76-CE98756B2BA6}.Release|Any CPU.ActiveCfg = Release|Any CPU
		{9E9C3453-0167-4269-9B76-CE98756B2BA6}.Release|Any CPU.Build.0 = Release|Any CPU
	EndGlobalSection
	GlobalSection(SolutionProperties) = preSolution
		HideSolutionNode = FALSE
	EndGlobalSection
	GlobalSection(ExtensibilityGlobals) = postSolution
		SolutionGuid = {31064C2C-D6BB-4835-927F-389660285912}
	EndGlobalSection
EndGlobal
